
Microsoft Visual Studio Solution File, Format Version 12.00
# Visual Studio Version 17
VisualStudioVersion = 17.10.35122.118
MinimumVisualStudioVersion = 10.0.40219.1
Project("{FAE04EC0-301F-11D3-BF4B-00C04F79EFBC}") = "Sistema_Gestion_Peliculas", "Sistema_Gestion_Peliculas.csproj", "{C0317ABA-2F93-493E-87DE-6EFA465891BA}"
EndProject
Global
	GlobalSection(SolutionConfigurationPlatforms) = preSolution
		Debug|Any CPU = Debug|Any CPU
		Release|Any CPU = Release|Any CPU
	EndGlobalSection
	GlobalSection(ProjectConfigurationPlatforms) = postSolution
		{C0317ABA-2F93-493E-87DE-6EFA465891BA}.Debug|Any CPU.ActiveCfg = Debug|Any CPU
		{C0317ABA-2F93-493E-87DE-6EFA465891BA}.Debug|Any CPU.Build.0 = Debug|Any CPU
		{C0317ABA-2F93-493E-87DE-6EFA465891BA}.Release|Any CPU.ActiveCfg = Release|Any CPU
		{C0317ABA-2F93-493E-87DE-6EFA465891BA}.Release|Any CPU.Build.0 = Release|Any CPU
	EndGlobalSection
	GlobalSection(SolutionProperties) = preSolution
		HideSolutionNode = FALSE
	EndGlobalSection
	GlobalSection(ExtensibilityGlobals) = postSolution
		SolutionGuid = {B385E9C5-977D-4F42-9361-2DCD21F4E82F}
	EndGlobalSection
EndGlobal
